
Microsoft Visual Studio Solution File, Format Version 12.00
# Visual Studio 15
VisualStudioVersion = 15.0.28010.2026
MinimumVisualStudioVersion = 10.0.40219.1
Project("{FAE04EC0-301F-11D3-BF4B-00C04F79EFBC}") = "employeeManagementApp.web", "employeeManagementApp.web\employeeManagementApp.web.csproj", "{ABADB70E-4C4F-4E7A-A9DF-BD8B8388C5EE}"
EndProject
Project("{FAE04EC0-301F-11D3-BF4B-00C04F79EFBC}") = "employeeManagementApp.web.Tests", "employeeManagementApp.web.Tests\employeeManagementApp.web.Tests.csproj", "{5D651568-ADCD-4141-8078-E10A5CA4686B}"
EndProject
Project("{FAE04EC0-301F-11D3-BF4B-00C04F79EFBC}") = "employeeManagementApp.Domain", "employeeManagementApp.Domain\employeeManagementApp.Domain.csproj", "{629D9FFD-F65E-4814-A913-ECE86EFAB892}"
EndProject
Project("{FAE04EC0-301F-11D3-BF4B-00C04F79EFBC}") = "employeeManagementApp.Api", "employeeManagementApp.Api\employeeManagementApp.Api.csproj", "{B5339EDD-4118-441E-BB0A-44699ACBEE30}"
EndProject
Project("{FAE04EC0-301F-11D3-BF4B-00C04F79EFBC}") = "employeeManagementApp.Shared", "employeeManagementApp.Shared\employeeManagementApp.Shared.csproj", "{D7E078AF-4728-4B91-BC27-052CA8D9FC01}"
EndProject
Global
	GlobalSection(SolutionConfigurationPlatforms) = preSolution
		Debug|Any CPU = Debug|Any CPU
		Release|Any CPU = Release|Any CPU
	EndGlobalSection
	GlobalSection(ProjectConfigurationPlatforms) = postSolution
		{ABADB70E-4C4F-4E7A-A9DF-BD8B8388C5EE}.Debug|Any CPU.ActiveCfg = Debug|Any CPU
		{ABADB70E-4C4F-4E7A-A9DF-BD8B8388C5EE}.Debug|Any CPU.Build.0 = Debug|Any CPU
		{ABADB70E-4C4F-4E7A-A9DF-BD8B8388C5EE}.Release|Any CPU.ActiveCfg = Release|Any CPU
		{ABADB70E-4C4F-4E7A-A9DF-BD8B8388C5EE}.Release|Any CPU.Build.0 = Release|Any CPU
		{5D651568-ADCD-4141-8078-E10A5CA4686B}.Debug|Any CPU.ActiveCfg = Debug|Any CPU
		{5D651568-ADCD-4141-8078-E10A5CA4686B}.Debug|Any CPU.Build.0 = Debug|Any CPU
		{5D651568-ADCD-4141-8078-E10A5CA4686B}.Release|Any CPU.ActiveCfg = Release|Any CPU
		{5D651568-ADCD-4141-8078-E10A5CA4686B}.Release|Any CPU.Build.0 = Release|Any CPU
		{629D9FFD-F65E-4814-A913-ECE86EFAB892}.Debug|Any CPU.ActiveCfg = Debug|Any CPU
		{629D9FFD-F65E-4814-A913-ECE86EFAB892}.Debug|Any CPU.Build.0 = Debug|Any CPU
		{629D9FFD-F65E-4814-A913-ECE86EFAB892}.Release|Any CPU.ActiveCfg = Release|Any CPU
		{629D9FFD-F65E-4814-A913-ECE86EFAB892}.Release|Any CPU.Build.0 = Release|Any CPU
		{B5339EDD-4118-441E-BB0A-44699ACBEE30}.Debug|Any CPU.ActiveCfg = Debug|Any CPU
		{B5339EDD-4118-441E-BB0A-44699ACBEE30}.Debug|Any CPU.Build.0 = Debug|Any CPU
		{B5339EDD-4118-441E-BB0A-44699ACBEE30}.Release|Any CPU.ActiveCfg = Release|Any CPU
		{B5339EDD-4118-441E-BB0A-44699ACBEE30}.Release|Any CPU.Build.0 = Release|Any CPU
		{D7E078AF-4728-4B91-BC27-052CA8D9FC01}.Debug|Any CPU.ActiveCfg = Debug|Any CPU
		{D7E078AF-4728-4B91-BC27-052CA8D9FC01}.Debug|Any CPU.Build.0 = Debug|Any CPU
		{D7E078AF-4728-4B91-BC27-052CA8D9FC01}.Release|Any CPU.ActiveCfg = Release|Any CPU
		{D7E078AF-4728-4B91-BC27-052CA8D9FC01}.Release|Any CPU.Build.0 = Release|Any CPU
	EndGlobalSection
	GlobalSection(SolutionProperties) = preSolution
		HideSolutionNode = FALSE
	EndGlobalSection
	GlobalSection(ExtensibilityGlobals) = postSolution
		SolutionGuid = {BE11C280-03BB-4692-A670-521D7886D062}
	EndGlobalSection
EndGlobal
